
Microsoft Visual Studio Solution File, Format Version 12.00
# Visual Studio 15
VisualStudioVersion = 15.0.28307.960
MinimumVisualStudioVersion = 10.0.40219.1
Project("{FAE04EC0-301F-11D3-BF4B-00C04F79EFBC}") = "VulnerApp", "VulnerApp\VulnerApp.csproj", "{9E24317F-2D1A-4B09-A5AB-145E088E6B45}"
EndProject
Project("{FAE04EC0-301F-11D3-BF4B-00C04F79EFBC}") = "AccesoDatos", "AccesoDatos\AccesoDatos.csproj", "{1E7633DF-B23A-4793-B95A-8EC02A844398}"
EndProject
Global
	GlobalSection(SolutionConfigurationPlatforms) = preSolution
		Debug|Any CPU = Debug|Any CPU
		Release|Any CPU = Release|Any CPU
	EndGlobalSection
	GlobalSection(ProjectConfigurationPlatforms) = postSolution
		{9E24317F-2D1A-4B09-A5AB-145E088E6B45}.Debug|Any CPU.ActiveCfg = Debug|Any CPU
		{9E24317F-2D1A-4B09-A5AB-145E088E6B45}.Debug|Any CPU.Build.0 = Debug|Any CPU
		{9E24317F-2D1A-4B09-A5AB-145E088E6B45}.Release|Any CPU.ActiveCfg = Release|Any CPU
		{9E24317F-2D1A-4B09-A5AB-145E088E6B45}.Release|Any CPU.Build.0 = Release|Any CPU
		{1E7633DF-B23A-4793-B95A-8EC02A844398}.Debug|Any CPU.ActiveCfg = Debug|Any CPU
		{1E7633DF-B23A-4793-B95A-8EC02A844398}.Debug|Any CPU.Build.0 = Debug|Any CPU
		{1E7633DF-B23A-4793-B95A-8EC02A844398}.Release|Any CPU.ActiveCfg = Release|Any CPU
		{1E7633DF-B23A-4793-B95A-8EC02A844398}.Release|Any CPU.Build.0 = Release|Any CPU
	EndGlobalSection
	GlobalSection(SolutionProperties) = preSolution
		HideSolutionNode = FALSE
	EndGlobalSection
	GlobalSection(ExtensibilityGlobals) = postSolution
		SolutionGuid = {BD591628-39D2-4557-BFC9-983086E65416}
	EndGlobalSection
EndGlobal
